
Microsoft Visual Studio Solution File, Format Version 12.00
# Visual Studio Version 17
VisualStudioVersion = 17.0.31903.59
MinimumVisualStudioVersion = 10.0.40219.1
Project("{FAE04EC0-301F-11D3-BF4B-00C04F79EFBC}") = "Secret.Image", "Secret.Image\Secret.Image.csproj", "{8B05425A-C7AF-4C84-A996-56DD6B115035}"
EndProject
Project("{FAE04EC0-301F-11D3-BF4B-00C04F79EFBC}") = "Secret.Audio", "Secret.Audio\Secret.Audio.csproj", "{C29E4E68-680D-4396-9CD2-A20F1EB55ABD}"
EndProject
Global
	GlobalSection(SolutionConfigurationPlatforms) = preSolution
		Debug|Any CPU = Debug|Any CPU
		Release|Any CPU = Release|Any CPU
	EndGlobalSection
	GlobalSection(SolutionProperties) = preSolution
		HideSolutionNode = FALSE
	EndGlobalSection
	GlobalSection(ProjectConfigurationPlatforms) = postSolution
		{8B05425A-C7AF-4C84-A996-56DD6B115035}.Debug|Any CPU.ActiveCfg = Debug|Any CPU
		{8B05425A-C7AF-4C84-A996-56DD6B115035}.Debug|Any CPU.Build.0 = Debug|Any CPU
		{8B05425A-C7AF-4C84-A996-56DD6B115035}.Release|Any CPU.ActiveCfg = Release|Any CPU
		{8B05425A-C7AF-4C84-A996-56DD6B115035}.Release|Any CPU.Build.0 = Release|Any CPU
		{C29E4E68-680D-4396-9CD2-A20F1EB55ABD}.Debug|Any CPU.ActiveCfg = Debug|Any CPU
		{C29E4E68-680D-4396-9CD2-A20F1EB55ABD}.Debug|Any CPU.Build.0 = Debug|Any CPU
		{C29E4E68-680D-4396-9CD2-A20F1EB55ABD}.Release|Any CPU.ActiveCfg = Release|Any CPU
		{C29E4E68-680D-4396-9CD2-A20F1EB55ABD}.Release|Any CPU.Build.0 = Release|Any CPU
	EndGlobalSection
EndGlobal
